
Microsoft Visual Studio Solution File, Format Version 12.00
# Visual Studio Version 17
VisualStudioVersion = 17.14.36414.22 d17.14
MinimumVisualStudioVersion = 10.0.40219.1
Project("{FAE04EC0-301F-11D3-BF4B-00C04F79EFBC}") = "DolgozatWpf", "DolgozatWpf\DolgozatWpf.csproj", "{017EE501-FF24-4D2B-9399-5464B137FCBA}"
EndProject
Global
	GlobalSection(SolutionConfigurationPlatforms) = preSolution
		Debug|Any CPU = Debug|Any CPU
		Release|Any CPU = Release|Any CPU
	EndGlobalSection
	GlobalSection(ProjectConfigurationPlatforms) = postSolution
		{017EE501-FF24-4D2B-9399-5464B137FCBA}.Debug|Any CPU.ActiveCfg = Debug|Any CPU
		{017EE501-FF24-4D2B-9399-5464B137FCBA}.Debug|Any CPU.Build.0 = Debug|Any CPU
		{017EE501-FF24-4D2B-9399-5464B137FCBA}.Release|Any CPU.ActiveCfg = Release|Any CPU
		{017EE501-FF24-4D2B-9399-5464B137FCBA}.Release|Any CPU.Build.0 = Release|Any CPU
	EndGlobalSection
	GlobalSection(SolutionProperties) = preSolution
		HideSolutionNode = FALSE
	EndGlobalSection
	GlobalSection(ExtensibilityGlobals) = postSolution
		SolutionGuid = {811ED215-5D3D-4161-9937-5A520004D71D}
	EndGlobalSection
EndGlobal
